
Microsoft Visual Studio Solution File, Format Version 11.00
# Visual Studio 2010
Project("{FAE04EC0-301F-11D3-BF4B-00C04F79EFBC}") = "Assembly-CSharp", "Assembly-CSharp.csproj", "{cd45b687-54f0-75ad-1ee6-5f89f5276a53}"
EndProject
Project("{FAE04EC0-301F-11D3-BF4B-00C04F79EFBC}") = "RealSense", "RealSense.csproj", "{267fc32a-f693-7f34-06e7-a264b359dea5}"
EndProject
Project("{FAE04EC0-301F-11D3-BF4B-00C04F79EFBC}") = "Utils", "Utils.csproj", "{bb97357e-8920-c0db-d8d0-63d4cc716fb1}"
EndProject
Project("{FAE04EC0-301F-11D3-BF4B-00C04F79EFBC}") = "Assembly-CSharp-Editor", "Assembly-CSharp-Editor.csproj", "{0fa330fb-93e7-e8bd-7889-168833a42705}"
EndProject
Global
	GlobalSection(SolutionConfigurationPlatforms) = preSolution
		Debug|Any CPU = Debug|Any CPU
	EndGlobalSection
	GlobalSection(ProjectConfigurationPlatforms) = postSolution
		{cd45b687-54f0-75ad-1ee6-5f89f5276a53}.Debug|Any CPU.ActiveCfg = Debug|Any CPU
		{cd45b687-54f0-75ad-1ee6-5f89f5276a53}.Debug|Any CPU.Build.0 = Debug|Any CPU
		{267fc32a-f693-7f34-06e7-a264b359dea5}.Debug|Any CPU.ActiveCfg = Debug|Any CPU
		{267fc32a-f693-7f34-06e7-a264b359dea5}.Debug|Any CPU.Build.0 = Debug|Any CPU
		{bb97357e-8920-c0db-d8d0-63d4cc716fb1}.Debug|Any CPU.ActiveCfg = Debug|Any CPU
		{bb97357e-8920-c0db-d8d0-63d4cc716fb1}.Debug|Any CPU.Build.0 = Debug|Any CPU
		{0fa330fb-93e7-e8bd-7889-168833a42705}.Debug|Any CPU.ActiveCfg = Debug|Any CPU
		{0fa330fb-93e7-e8bd-7889-168833a42705}.Debug|Any CPU.Build.0 = Debug|Any CPU
	EndGlobalSection
	GlobalSection(SolutionProperties) = preSolution
		HideSolutionNode = FALSE
	EndGlobalSection
EndGlobal
